
Microsoft Visual Studio Solution File, Format Version 12.00
# Visual Studio 15
VisualStudioVersion = 15.0.27703.1
MinimumVisualStudioVersion = 10.0.40219.1
Project("{8BC9CEB8-8B4A-11D0-8D11-00A0C91BC942}") = "Lab5OS-1", "Lab5OS\Lab5OS.vcxproj", "{B81C36EC-8322-4AA8-A4FD-943C8F688B3F}"
EndProject
Project("{8BC9CEB8-8B4A-11D0-8D11-00A0C91BC942}") = "Lab5OS-2", "..\Lab5OS-2\Lab5OS-2\Lab5OS-2.vcxproj", "{DBE16F9C-5C75-4BA5-BCA7-145B2CADC658}"
EndProject
Project("{8BC9CEB8-8B4A-11D0-8D11-00A0C91BC942}") = "Lab5OS-3", "Lab5OS-3\Lab5OS-3.vcxproj", "{7378F6AA-3776-40C4-A0EC-D5B6CCBDA00F}"
EndProject
Global
	GlobalSection(SolutionConfigurationPlatforms) = preSolution
		Debug|x64 = Debug|x64
		Debug|x86 = Debug|x86
		Release|x64 = Release|x64
		Release|x86 = Release|x86
	EndGlobalSection
	GlobalSection(ProjectConfigurationPlatforms) = postSolution
		{B81C36EC-8322-4AA8-A4FD-943C8F688B3F}.Debug|x64.ActiveCfg = Debug|x64
		{B81C36EC-8322-4AA8-A4FD-943C8F688B3F}.Debug|x64.Build.0 = Debug|x64
		{B81C36EC-8322-4AA8-A4FD-943C8F688B3F}.Debug|x86.ActiveCfg = Debug|Win32
		{B81C36EC-8322-4AA8-A4FD-943C8F688B3F}.Debug|x86.Build.0 = Debug|Win32
		{B81C36EC-8322-4AA8-A4FD-943C8F688B3F}.Release|x64.ActiveCfg = Release|x64
		{B81C36EC-8322-4AA8-A4FD-943C8F688B3F}.Release|x64.Build.0 = Release|x64
		{B81C36EC-8322-4AA8-A4FD-943C8F688B3F}.Release|x86.ActiveCfg = Release|Win32
		{B81C36EC-8322-4AA8-A4FD-943C8F688B3F}.Release|x86.Build.0 = Release|Win32
		{DBE16F9C-5C75-4BA5-BCA7-145B2CADC658}.Debug|x64.ActiveCfg = Debug|x64
		{DBE16F9C-5C75-4BA5-BCA7-145B2CADC658}.Debug|x64.Build.0 = Debug|x64
		{DBE16F9C-5C75-4BA5-BCA7-145B2CADC658}.Debug|x86.ActiveCfg = Debug|Win32
		{DBE16F9C-5C75-4BA5-BCA7-145B2CADC658}.Debug|x86.Build.0 = Debug|Win32
		{DBE16F9C-5C75-4BA5-BCA7-145B2CADC658}.Release|x64.ActiveCfg = Release|x64
		{DBE16F9C-5C75-4BA5-BCA7-145B2CADC658}.Release|x64.Build.0 = Release|x64
		{DBE16F9C-5C75-4BA5-BCA7-145B2CADC658}.Release|x86.ActiveCfg = Release|Win32
		{DBE16F9C-5C75-4BA5-BCA7-145B2CADC658}.Release|x86.Build.0 = Release|Win32
		{7378F6AA-3776-40C4-A0EC-D5B6CCBDA00F}.Debug|x64.ActiveCfg = Debug|x64
		{7378F6AA-3776-40C4-A0EC-D5B6CCBDA00F}.Debug|x64.Build.0 = Debug|x64
		{7378F6AA-3776-40C4-A0EC-D5B6CCBDA00F}.Debug|x86.ActiveCfg = Debug|Win32
		{7378F6AA-3776-40C4-A0EC-D5B6CCBDA00F}.Debug|x86.Build.0 = Debug|Win32
		{7378F6AA-3776-40C4-A0EC-D5B6CCBDA00F}.Release|x64.ActiveCfg = Release|x64
		{7378F6AA-3776-40C4-A0EC-D5B6CCBDA00F}.Release|x64.Build.0 = Release|x64
		{7378F6AA-3776-40C4-A0EC-D5B6CCBDA00F}.Release|x86.ActiveCfg = Release|Win32
		{7378F6AA-3776-40C4-A0EC-D5B6CCBDA00F}.Release|x86.Build.0 = Release|Win32
	EndGlobalSection
	GlobalSection(SolutionProperties) = preSolution
		HideSolutionNode = FALSE
	EndGlobalSection
	GlobalSection(ExtensibilityGlobals) = postSolution
		SolutionGuid = {C42BCC7C-1700-40D1-B922-9C7A41182306}
	EndGlobalSection
EndGlobal
